// !$*UTF8*$!
{
	archiveVersion = 1;
	classes = {
	};
	objectVersion = 77;
	objects = {

/* Begin PBXBuildFile section */
		FADE1AB00000000000000003 /* FaderLabCore in Frameworks */ = {isa = PBXBuildFile; productRef = FADE1AB00000000000000002 /* FaderLabCore */; };
/* End PBXBuildFile section */

/* Begin PBXFileReference section */
		FADE1AB00000000000000001 /* FaderLab.app */ = {isa = PBXFileReference; explicitFileType = wrapper.application; includeInIndex = 0; path = FaderLab.app; sourceTree = BUILT_PRODUCTS_DIR; };
/* End PBXFileReference section */

/* Begin PBXFileSystemSynchronizedRootGroup section */
		FADE1AB00000000000000005 /* FaderLab */ = {
			isa = PBXFileSystemSynchronizedRootGroup;
			exceptions = (
			);
			explicitFileTypes = {
			};
			explicitFolders = (
			);
			path = FaderLab;
			sourceTree = "<group>";
		};
/* End PBXFileSystemSynchronizedRootGroup section */

/* Begin PBXFrameworksBuildPhase section */
		FADE1AB00000000000000006 /* Frameworks */ = {
			isa = PBXFrameworksBuildPhase;
			buildActionMask = 2147483647;
			files = (
				FADE1AB00000000000000003 /* FaderLabCore in Frameworks */,
			);
			runOnlyForDeploymentPostprocessing = 0;
		};
/* End PBXFrameworksBuildPhase section */

/* Begin PBXGroup section */
		FADE1AB00000000000000009 = {
			isa = PBXGroup;
			children = (
				FADE1AB00000000000000005 /* FaderLab */,
				FADE1AB0000000000000000A /* Products */,
			);
			sourceTree = "<group>";
		};
		FADE1AB0000000000000000A /* Products */ = {
			isa = PBXGroup;
			children = (
				FADE1AB00000000000000001 /* FaderLab.app */,
			);
			name = Products;
			sourceTree = "<group>";
		};
/* End PBXGroup section */

/* Begin PBXNativeTarget section */
		FADE1AB0000000000000000B /* FaderLab */ = {
			isa = PBXNativeTarget;
			buildConfigurationList = FADE1AB0000000000000000D /* Build configuration list for PBXNativeTarget "FaderLab" */;
			buildPhases = (
				FADE1AB00000000000000008 /* Sources */,
				FADE1AB00000000000000006 /* Frameworks */,
				FADE1AB00000000000000007 /* Resources */,
			);
			buildRules = (
			);
			dependencies = (
			);
			fileSystemSynchronizedGroups = (
				FADE1AB00000000000000005 /* FaderLab */,
			);
			name = FaderLab;
			packageProductDependencies = (
				FADE1AB00000000000000002 /* FaderLabCore */,
			);
			productName = FaderLab;
			productReference = FADE1AB00000000000000001 /* FaderLab.app */;
			productType = "com.apple.product-type.application";
		};
/* End PBXNativeTarget section */

/* Begin PBXProject section */
		FADE1AB0000000000000000C /* Project object */ = {
			isa = PBXProject;
			attributes = {
				BuildIndependentTargetsInParallel = 1;
				LastSwiftUpdateCheck = 1600;
				LastUpgradeCheck = 1600;
				TargetAttributes = {
					FADE1AB0000000000000000B = {
						CreatedOnToolsVersion = 16.0;
					};
				};
			};
			buildConfigurationList = FADE1AB00000000000000010 /* Build configuration list for PBXProject "FaderLab" */;
			compatibilityVersion = "Xcode 15.0";
			developmentRegion = en;
			hasScannedForEncodings = 0;
			knownRegions = (
				en,
				Base,
			);
			mainGroup = FADE1AB00000000000000009;
			packageReferences = (
				FADE1AB00000000000000004 /* XCLocalSwiftPackageReference "FaderLabCore" */,
			);
			localPackageReferences = (
				FADE1AB00000000000000004 /* XCLocalSwiftPackageReference "FaderLabCore" */,
			);
			productRefGroup = FADE1AB0000000000000000A /* Products */;
			projectDirPath = "";
			projectRoot = "";
			targets = (
				FADE1AB0000000000000000B /* FaderLab */,
			);
		};
/* End PBXProject section */

/* Begin PBXResourcesBuildPhase section */
		FADE1AB00000000000000007 /* Resources */ = {
			isa = PBXResourcesBuildPhase;
			buildActionMask = 2147483647;
			files = (
			);
			runOnlyForDeploymentPostprocessing = 0;
		};
/* End PBXResourcesBuildPhase section */

/* Begin PBXSourcesBuildPhase section */
		FADE1AB00000000000000008 /* Sources */ = {
			isa = PBXSourcesBuildPhase;
			buildActionMask = 2147483647;
			files = (
			);
			runOnlyForDeploymentPostprocessing = 0;
		};
/* End PBXSourcesBuildPhase section */

/* Begin XCBuildConfiguration section */
		FADE1AB0000000000000000E /* Debug */ = {
			isa = XCBuildConfiguration;
			buildSettings = {
				ASSETCATALOG_COMPILER_GLOBAL_ACCENT_COLOR_NAME = AccentColor;
				CODE_SIGN_ENTITLEMENTS = FaderLab/Resources/FaderLab.entitlements;
				CODE_SIGN_STYLE = Automatic;
				COMBINE_HIDPI_IMAGES = YES;
				CURRENT_PROJECT_VERSION = 1;
				ENABLE_HARDENED_RUNTIME = YES;
				ENABLE_PREVIEWS = YES;
				GENERATE_INFOPLIST_FILE = YES;
				INFOPLIST_KEY_NSHumanReadableCopyright = "";
				LD_RUNPATH_SEARCH_PATHS = (
					"$(inherited)",
					"@executable_path/../Frameworks",
				);
				MARKETING_VERSION = 1.0;
				PRODUCT_BUNDLE_IDENTIFIER = "com.faderlab.FaderLab";
				PRODUCT_NAME = "$(TARGET_NAME)";
				SWIFT_EMIT_LOC_STRINGS = YES;
				SWIFT_VERSION = 5.0;
			};
			name = Debug;
		};
		FADE1AB0000000000000000F /* Release */ = {
			isa = XCBuildConfiguration;
			buildSettings = {
				ASSETCATALOG_COMPILER_GLOBAL_ACCENT_COLOR_NAME = AccentColor;
				CODE_SIGN_ENTITLEMENTS = FaderLab/Resources/FaderLab.entitlements;
				CODE_SIGN_STYLE = Automatic;
				COMBINE_HIDPI_IMAGES = YES;
				CURRENT_PROJECT_VERSION = 1;
				ENABLE_HARDENED_RUNTIME = YES;
				ENABLE_PREVIEWS = YES;
				GENERATE_INFOPLIST_FILE = YES;
				INFOPLIST_KEY_NSHumanReadableCopyright = "";
				LD_RUNPATH_SEARCH_PATHS = (
					"$(inherited)",
					"@executable_path/../Frameworks",
				);
				MARKETING_VERSION = 1.0;
				PRODUCT_BUNDLE_IDENTIFIER = "com.faderlab.FaderLab";
				PRODUCT_NAME = "$(TARGET_NAME)";
				SWIFT_EMIT_LOC_STRINGS = YES;
				SWIFT_VERSION = 5.0;
			};
			name = Release;
		};
		FADE1AB00000000000000011 /* Debug */ = {
			isa = XCBuildConfiguration;
			buildSettings = {
				ALWAYS_SEARCH_USER_PATHS = NO;
				CLANG_ANALYZER_NONNULL = YES;
				CLANG_ENABLE_MODULES = YES;
				CLANG_ENABLE_OBJC_ARC = YES;
				CLANG_WARN_DOCUMENTATION_COMMENTS = YES;
				CLANG_WARN_UNGUARDED_AVAILABILITY = YES_AGGRESSIVE;
				COPY_PHASE_STRIP = NO;
				DEBUG_INFORMATION_FORMAT = dwarf;
				ENABLE_STRICT_OBJC_MSGSEND = YES;
				ENABLE_TESTABILITY = YES;
				ENABLE_USER_SCRIPT_SANDBOXING = YES;
				GCC_C_LANGUAGE_STANDARD = gnu17;
				GCC_DYNAMIC_NO_PIC = NO;
				GCC_NO_COMMON_BLOCKS = YES;
				GCC_OPTIMIZATION_LEVEL = 0;
				GCC_PREPROCESSOR_DEFINITIONS = (
					"DEBUG=1",
					"$(inherited)",
				);
				MACOSX_DEPLOYMENT_TARGET = 14.0;
				MTL_ENABLE_DEBUG_INFO = INCLUDE_SOURCE;
				ONLY_ACTIVE_ARCH = YES;
				SDKROOT = macosx;
				SWIFT_ACTIVE_COMPILATION_CONDITIONS = DEBUG;
				SWIFT_OPTIMIZATION_LEVEL = "-Onone";
				SWIFT_VERSION = 5.0;
			};
			name = Debug;
		};
		FADE1AB00000000000000012 /* Release */ = {
			isa = XCBuildConfiguration;
			buildSettings = {
				ALWAYS_SEARCH_USER_PATHS = NO;
				CLANG_ANALYZER_NONNULL = YES;
				CLANG_ENABLE_MODULES = YES;
				CLANG_ENABLE_OBJC_ARC = YES;
				CLANG_WARN_DOCUMENTATION_COMMENTS = YES;
				CLANG_WARN_UNGUARDED_AVAILABILITY = YES_AGGRESSIVE;
				COPY_PHASE_STRIP = NO;
				DEBUG_INFORMATION_FORMAT = "dwarf-with-dsym";
				ENABLE_NS_ASSERTIONS = NO;
				ENABLE_STRICT_OBJC_MSGSEND = YES;
				ENABLE_USER_SCRIPT_SANDBOXING = YES;
				GCC_C_LANGUAGE_STANDARD = gnu17;
				GCC_NO_COMMON_BLOCKS = YES;
				MACOSX_DEPLOYMENT_TARGET = 14.0;
				MTL_ENABLE_DEBUG_INFO = NO;
				SDKROOT = macosx;
				SWIFT_COMPILATION_MODE = wholemodule;
				SWIFT_VERSION = 5.0;
				VALIDATE_PRODUCT = YES;
			};
			name = Release;
		};
/* End XCBuildConfiguration section */

/* Begin XCConfigurationList section */
		FADE1AB0000000000000000D /* Build configuration list for PBXNativeTarget "FaderLab" */ = {
			isa = XCConfigurationList;
			buildConfigurations = (
				FADE1AB0000000000000000E /* Debug */,
				FADE1AB0000000000000000F /* Release */,
			);
			defaultConfigurationIsVisible = 0;
			defaultConfigurationName = Release;
		};
		FADE1AB00000000000000010 /* Build configuration list for PBXProject "FaderLab" */ = {
			isa = XCConfigurationList;
			buildConfigurations = (
				FADE1AB00000000000000011 /* Debug */,
				FADE1AB00000000000000012 /* Release */,
			);
			defaultConfigurationIsVisible = 0;
			defaultConfigurationName = Release;
		};
/* End XCConfigurationList section */

/* Begin XCLocalSwiftPackageReference section */
		FADE1AB00000000000000004 /* XCLocalSwiftPackageReference "FaderLabCore" */ = {
			isa = XCLocalSwiftPackageReference;
			relativePath = FaderLabCore;
		};
/* End XCLocalSwiftPackageReference section */

/* Begin XCSwiftPackageProductDependency section */
		FADE1AB00000000000000002 /* FaderLabCore */ = {
			isa = XCSwiftPackageProductDependency;
			package = FADE1AB00000000000000004 /* XCLocalSwiftPackageReference "FaderLabCore" */;
			productName = FaderLabCore;
		};
/* End XCSwiftPackageProductDependency section */
	};
	rootObject = FADE1AB0000000000000000C /* Project object */;
}
